
Microsoft Visual Studio Solution File, Format Version 12.00
# Visual Studio Version 17
VisualStudioVersion = 17.1.32228.430
MinimumVisualStudioVersion = 10.0.40219.1
Project("{FAE04EC0-301F-11D3-BF4B-00C04F79EFBC}") = "WebformPassport", "WebformPassport.csproj", "{B424E0FE-035F-4205-8F5C-91EB75AFAB14}"
EndProject
Global
	GlobalSection(SolutionConfigurationPlatforms) = preSolution
		Debug|Any CPU = Debug|Any CPU
		Release|Any CPU = Release|Any CPU
	EndGlobalSection
	GlobalSection(ProjectConfigurationPlatforms) = postSolution
		{B424E0FE-035F-4205-8F5C-91EB75AFAB14}.Debug|Any CPU.ActiveCfg = Debug|Any CPU
		{B424E0FE-035F-4205-8F5C-91EB75AFAB14}.Debug|Any CPU.Build.0 = Debug|Any CPU
		{B424E0FE-035F-4205-8F5C-91EB75AFAB14}.Release|Any CPU.ActiveCfg = Release|Any CPU
		{B424E0FE-035F-4205-8F5C-91EB75AFAB14}.Release|Any CPU.Build.0 = Release|Any CPU
	EndGlobalSection
	GlobalSection(SolutionProperties) = preSolution
		HideSolutionNode = FALSE
	EndGlobalSection
	GlobalSection(ExtensibilityGlobals) = postSolution
		SolutionGuid = {E5C38572-B40D-40ED-8F0C-B3442465BE93}
	EndGlobalSection
EndGlobal
